
Microsoft Visual Studio Solution File, Format Version 12.00
# Visual Studio Version 16
VisualStudioVersion = 16.0.31729.503
MinimumVisualStudioVersion = 10.0.40219.1
Project("{FAE04EC0-301F-11D3-BF4B-00C04F79EFBC}") = "HastaneRandevuEFCF_WinFormUI", "HastaneRandevuEFCF_WinFormUI\HastaneRandevuEFCF_WinFormUI.csproj", "{D5E39B8A-E855-4AC2-8D9C-C717CB80E9B1}"
EndProject
Project("{FAE04EC0-301F-11D3-BF4B-00C04F79EFBC}") = "HastaneRandevuEFCF_Entities", "HastaneRandevuEFCF_Entities\HastaneRandevuEFCF_Entities.csproj", "{E0CABF1C-56D0-4A87-B5E9-8A12C08C1076}"
EndProject
Project("{FAE04EC0-301F-11D3-BF4B-00C04F79EFBC}") = "HastaneRandevuEFCF_DAL", "HastaneRandevuEFCF_DAL\HastaneRandevuEFCF_DAL.csproj", "{5D2D6BB7-9080-48AB-9F72-E3FE7A0A9312}"
EndProject
Project("{FAE04EC0-301F-11D3-BF4B-00C04F79EFBC}") = "HastaneRandevuEFCF_BLL", "HastaneRandevuEFCF_BLL\HastaneRandevuEFCF_BLL.csproj", "{70182E02-46D0-49A1-9115-931FA350382B}"
EndProject
Global
	GlobalSection(SolutionConfigurationPlatforms) = preSolution
		Debug|Any CPU = Debug|Any CPU
		Release|Any CPU = Release|Any CPU
	EndGlobalSection
	GlobalSection(ProjectConfigurationPlatforms) = postSolution
		{D5E39B8A-E855-4AC2-8D9C-C717CB80E9B1}.Debug|Any CPU.ActiveCfg = Debug|Any CPU
		{D5E39B8A-E855-4AC2-8D9C-C717CB80E9B1}.Debug|Any CPU.Build.0 = Debug|Any CPU
		{D5E39B8A-E855-4AC2-8D9C-C717CB80E9B1}.Release|Any CPU.ActiveCfg = Release|Any CPU
		{D5E39B8A-E855-4AC2-8D9C-C717CB80E9B1}.Release|Any CPU.Build.0 = Release|Any CPU
		{E0CABF1C-56D0-4A87-B5E9-8A12C08C1076}.Debug|Any CPU.ActiveCfg = Debug|Any CPU
		{E0CABF1C-56D0-4A87-B5E9-8A12C08C1076}.Debug|Any CPU.Build.0 = Debug|Any CPU
		{E0CABF1C-56D0-4A87-B5E9-8A12C08C1076}.Release|Any CPU.ActiveCfg = Release|Any CPU
		{E0CABF1C-56D0-4A87-B5E9-8A12C08C1076}.Release|Any CPU.Build.0 = Release|Any CPU
		{5D2D6BB7-9080-48AB-9F72-E3FE7A0A9312}.Debug|Any CPU.ActiveCfg = Debug|Any CPU
		{5D2D6BB7-9080-48AB-9F72-E3FE7A0A9312}.Debug|Any CPU.Build.0 = Debug|Any CPU
		{5D2D6BB7-9080-48AB-9F72-E3FE7A0A9312}.Release|Any CPU.ActiveCfg = Release|Any CPU
		{5D2D6BB7-9080-48AB-9F72-E3FE7A0A9312}.Release|Any CPU.Build.0 = Release|Any CPU
		{70182E02-46D0-49A1-9115-931FA350382B}.Debug|Any CPU.ActiveCfg = Debug|Any CPU
		{70182E02-46D0-49A1-9115-931FA350382B}.Debug|Any CPU.Build.0 = Debug|Any CPU
		{70182E02-46D0-49A1-9115-931FA350382B}.Release|Any CPU.ActiveCfg = Release|Any CPU
		{70182E02-46D0-49A1-9115-931FA350382B}.Release|Any CPU.Build.0 = Release|Any CPU
	EndGlobalSection
	GlobalSection(SolutionProperties) = preSolution
		HideSolutionNode = FALSE
	EndGlobalSection
	GlobalSection(ExtensibilityGlobals) = postSolution
		SolutionGuid = {831328B2-A528-43B2-89FF-6D42A08AD654}
	EndGlobalSection
EndGlobal
